
Microsoft Visual Studio Solution File, Format Version 12.00
# Visual Studio Version 17
VisualStudioVersion = 17.6.33829.357
MinimumVisualStudioVersion = 10.0.40219.1
Project("{FAE04EC0-301F-11D3-BF4B-00C04F79EFBC}") = "JogoDaVelha", "JogoDaVelha\JogoDaVelha.csproj", "{4BD62DF8-565B-4E6D-9A24-2290B4DDBAB6}"
EndProject
Global
	GlobalSection(SolutionConfigurationPlatforms) = preSolution
		Debug|Any CPU = Debug|Any CPU
		Release|Any CPU = Release|Any CPU
	EndGlobalSection
	GlobalSection(ProjectConfigurationPlatforms) = postSolution
		{4BD62DF8-565B-4E6D-9A24-2290B4DDBAB6}.Debug|Any CPU.ActiveCfg = Debug|Any CPU
		{4BD62DF8-565B-4E6D-9A24-2290B4DDBAB6}.Debug|Any CPU.Build.0 = Debug|Any CPU
		{4BD62DF8-565B-4E6D-9A24-2290B4DDBAB6}.Release|Any CPU.ActiveCfg = Release|Any CPU
		{4BD62DF8-565B-4E6D-9A24-2290B4DDBAB6}.Release|Any CPU.Build.0 = Release|Any CPU
	EndGlobalSection
	GlobalSection(SolutionProperties) = preSolution
		HideSolutionNode = FALSE
	EndGlobalSection
	GlobalSection(ExtensibilityGlobals) = postSolution
		SolutionGuid = {7095AC0D-6FF8-44D8-ACA9-7BF6F93BD2D7}
	EndGlobalSection
EndGlobal
